
Microsoft Visual Studio Solution File, Format Version 12.00
# Visual Studio Version 17
VisualStudioVersion = 17.3.32901.215
MinimumVisualStudioVersion = 10.0.40219.1
Project("{9A19103F-16F7-4668-BE54-9A1E7A4F7556}") = "StarkRecycleBlazorApp", "StarkRecycleBlazorApp\StarkRecycleBlazorApp.csproj", "{0E4D8F37-EED8-4EA1-A201-63DEAB71D012}"
EndProject
Project("{9A19103F-16F7-4668-BE54-9A1E7A4F7556}") = "ClassLibraryProducts", "ClassLibraryProducts\ClassLibraryProducts.csproj", "{00D7E426-E8CB-4842-9F72-7544A276A7B5}"
EndProject
Project("{9A19103F-16F7-4668-BE54-9A1E7A4F7556}") = "StarkRecycleWebAPI", "StarkRecycleWebAPI\StarkRecycleWebAPI.csproj", "{3E13CA5E-9E27-4B2F-9F2C-F7DF18D4FCF9}"
EndProject
Project("{FAE04EC0-301F-11D3-BF4B-00C04F79EFBC}") = "Web.StarkRecycle", "Web.StarkRecycle\Web.StarkRecycle.csproj", "{8022D563-FF02-49C5-B369-E946855B35A7}"
EndProject
Global
	GlobalSection(SolutionConfigurationPlatforms) = preSolution
		Debug|Any CPU = Debug|Any CPU
		Release|Any CPU = Release|Any CPU
	EndGlobalSection
	GlobalSection(ProjectConfigurationPlatforms) = postSolution
		{0E4D8F37-EED8-4EA1-A201-63DEAB71D012}.Debug|Any CPU.ActiveCfg = Debug|Any CPU
		{0E4D8F37-EED8-4EA1-A201-63DEAB71D012}.Debug|Any CPU.Build.0 = Debug|Any CPU
		{0E4D8F37-EED8-4EA1-A201-63DEAB71D012}.Release|Any CPU.ActiveCfg = Release|Any CPU
		{0E4D8F37-EED8-4EA1-A201-63DEAB71D012}.Release|Any CPU.Build.0 = Release|Any CPU
		{00D7E426-E8CB-4842-9F72-7544A276A7B5}.Debug|Any CPU.ActiveCfg = Debug|Any CPU
		{00D7E426-E8CB-4842-9F72-7544A276A7B5}.Debug|Any CPU.Build.0 = Debug|Any CPU
		{00D7E426-E8CB-4842-9F72-7544A276A7B5}.Release|Any CPU.ActiveCfg = Release|Any CPU
		{00D7E426-E8CB-4842-9F72-7544A276A7B5}.Release|Any CPU.Build.0 = Release|Any CPU
		{3E13CA5E-9E27-4B2F-9F2C-F7DF18D4FCF9}.Debug|Any CPU.ActiveCfg = Debug|Any CPU
		{3E13CA5E-9E27-4B2F-9F2C-F7DF18D4FCF9}.Debug|Any CPU.Build.0 = Debug|Any CPU
		{3E13CA5E-9E27-4B2F-9F2C-F7DF18D4FCF9}.Release|Any CPU.ActiveCfg = Release|Any CPU
		{3E13CA5E-9E27-4B2F-9F2C-F7DF18D4FCF9}.Release|Any CPU.Build.0 = Release|Any CPU
		{8022D563-FF02-49C5-B369-E946855B35A7}.Debug|Any CPU.ActiveCfg = Debug|Any CPU
		{8022D563-FF02-49C5-B369-E946855B35A7}.Debug|Any CPU.Build.0 = Debug|Any CPU
		{8022D563-FF02-49C5-B369-E946855B35A7}.Release|Any CPU.ActiveCfg = Release|Any CPU
		{8022D563-FF02-49C5-B369-E946855B35A7}.Release|Any CPU.Build.0 = Release|Any CPU
	EndGlobalSection
	GlobalSection(SolutionProperties) = preSolution
		HideSolutionNode = FALSE
	EndGlobalSection
	GlobalSection(ExtensibilityGlobals) = postSolution
		SolutionGuid = {1D49AA5B-E9AF-4A24-8F3B-F168386BDBDF}
	EndGlobalSection
EndGlobal
